
Microsoft Visual Studio Solution File, Format Version 12.00
# Visual Studio Version 17
VisualStudioVersion = 17.4.33122.133
MinimumVisualStudioVersion = 10.0.40219.1
Project("{FAE04EC0-301F-11D3-BF4B-00C04F79EFBC}") = "MyWebApplication", "MyWebApplication.csproj", "{375EC7A7-11DB-430E-87EF-CB24E7B1779D}"
EndProject
Project("{FAE04EC0-301F-11D3-BF4B-00C04F79EFBC}") = "MyWebApplication.Tests", "..\MyWebApplication.Tests\MyWebApplication.Tests.csproj", "{B40A8402-8F35-4005-8E50-88446EBDF083}"
EndProject
Global
	GlobalSection(SolutionConfigurationPlatforms) = preSolution
		Debug|Any CPU = Debug|Any CPU
		Release|Any CPU = Release|Any CPU
	EndGlobalSection
	GlobalSection(ProjectConfigurationPlatforms) = postSolution
		{375EC7A7-11DB-430E-87EF-CB24E7B1779D}.Debug|Any CPU.ActiveCfg = Debug|Any CPU
		{375EC7A7-11DB-430E-87EF-CB24E7B1779D}.Debug|Any CPU.Build.0 = Debug|Any CPU
		{375EC7A7-11DB-430E-87EF-CB24E7B1779D}.Release|Any CPU.ActiveCfg = Release|Any CPU
		{375EC7A7-11DB-430E-87EF-CB24E7B1779D}.Release|Any CPU.Build.0 = Release|Any CPU
		{B40A8402-8F35-4005-8E50-88446EBDF083}.Debug|Any CPU.ActiveCfg = Debug|Any CPU
		{B40A8402-8F35-4005-8E50-88446EBDF083}.Debug|Any CPU.Build.0 = Debug|Any CPU
		{B40A8402-8F35-4005-8E50-88446EBDF083}.Release|Any CPU.ActiveCfg = Release|Any CPU
		{B40A8402-8F35-4005-8E50-88446EBDF083}.Release|Any CPU.Build.0 = Release|Any CPU
	EndGlobalSection
	GlobalSection(SolutionProperties) = preSolution
		HideSolutionNode = FALSE
	EndGlobalSection
	GlobalSection(ExtensibilityGlobals) = postSolution
		SolutionGuid = {9996A196-3D40-4680-A335-444D685060FF}
	EndGlobalSection
EndGlobal
